// !$*UTF8*$!
{
	archiveVersion = 1;
	classes = {
	};
	objectVersion = 56;
	objects = {

/* Begin PBXBuildFile section */
		3D32CDFB29C1E87500EF6E0F /* SD0_1App.swift in Sources */ = {isa = PBXBuildFile; fileRef = 3D32CDFA29C1E87500EF6E0F /* SD0_1App.swift */; };
		3D32CDFD29C1E87500EF6E0F /* ContentView.swift in Sources */ = {isa = PBXBuildFile; fileRef = 3D32CDFC29C1E87500EF6E0F /* ContentView.swift */; };
		3D32CDFF29C1E87500EF6E0F /* Assets.xcassets in Resources */ = {isa = PBXBuildFile; fileRef = 3D32CDFE29C1E87500EF6E0F /* Assets.xcassets */; };
		3D32CE0229C1E87500EF6E0F /* Preview Assets.xcassets in Resources */ = {isa = PBXBuildFile; fileRef = 3D32CE0129C1E87500EF6E0F /* Preview Assets.xcassets */; };
		3D32CE0C29C1E87600EF6E0F /* SD0_1Tests.swift in Sources */ = {isa = PBXBuildFile; fileRef = 3D32CE0B29C1E87600EF6E0F /* SD0_1Tests.swift */; };
		3D32CE1629C1E87600EF6E0F /* SD0_1UITests.swift in Sources */ = {isa = PBXBuildFile; fileRef = 3D32CE1529C1E87600EF6E0F /* SD0_1UITests.swift */; };
		3D32CE1829C1E87600EF6E0F /* SD0_1UITestsLaunchTests.swift in Sources */ = {isa = PBXBuildFile; fileRef = 3D32CE1729C1E87600EF6E0F /* SD0_1UITestsLaunchTests.swift */; };
		3D32CE2529C1E9C600EF6E0F /* NetworkManager.swift in Sources */ = {isa = PBXBuildFile; fileRef = 3D32CE2429C1E9C600EF6E0F /* NetworkManager.swift */; };
		3D32CE2729C1FC7900EF6E0F /* AlertView.swift in Sources */ = {isa = PBXBuildFile; fileRef = 3D32CE2629C1FC7900EF6E0F /* AlertView.swift */; };
		3D32CE2929C1FCD900EF6E0F /* ResultPage.swift in Sources */ = {isa = PBXBuildFile; fileRef = 3D32CE2829C1FCD900EF6E0F /* ResultPage.swift */; };
		3D32CE2B29C20E1400EF6E0F /* CustomNavigationBar.swift in Sources */ = {isa = PBXBuildFile; fileRef = 3D32CE2A29C20E1400EF6E0F /* CustomNavigationBar.swift */; };
		3D32CE2D29C230B700EF6E0F /* AppViewModel.swift in Sources */ = {isa = PBXBuildFile; fileRef = 3D32CE2C29C230B700EF6E0F /* AppViewModel.swift */; };
		3D32CE2F29C48AC700EF6E0F /* BottomTabBar.swift in Sources */ = {isa = PBXBuildFile; fileRef = 3D32CE2E29C48AC700EF6E0F /* BottomTabBar.swift */; };
		3D32CE3329C48BBA00EF6E0F /* HistoryPage.swift in Sources */ = {isa = PBXBuildFile; fileRef = 3D32CE3229C48BBA00EF6E0F /* HistoryPage.swift */; };
		3D32CE3529C48CA900EF6E0F /* MainView.swift in Sources */ = {isa = PBXBuildFile; fileRef = 3D32CE3429C48CA900EF6E0F /* MainView.swift */; };
		3D32CE3729C48CCC00EF6E0F /* AppData.swift in Sources */ = {isa = PBXBuildFile; fileRef = 3D32CE3629C48CCC00EF6E0F /* AppData.swift */; };
		3D32CE3929C4951F00EF6E0F /* Utils.swift in Sources */ = {isa = PBXBuildFile; fileRef = 3D32CE3829C4951F00EF6E0F /* Utils.swift */; };
		3D32CE3B29C4962200EF6E0F /* ServerResponse.swift in Sources */ = {isa = PBXBuildFile; fileRef = 3D32CE3A29C4962200EF6E0F /* ServerResponse.swift */; };
		3D32CE3E29C4C68800EF6E0F /* SwiftyJSON in Frameworks */ = {isa = PBXBuildFile; productRef = 3D32CE3D29C4C68800EF6E0F /* SwiftyJSON */; };
		3D32CE4129C4D2E700EF6E0F /* AnyCodable in Frameworks */ = {isa = PBXBuildFile; productRef = 3D32CE4029C4D2E700EF6E0F /* AnyCodable */; };
		3D32CE4529C57A0D00EF6E0F /* ToastView.swift in Sources */ = {isa = PBXBuildFile; fileRef = 3D32CE4429C57A0C00EF6E0F /* ToastView.swift */; };
		3D32CE4929C5836D00EF6E0F /* NetworkUtils.swift in Sources */ = {isa = PBXBuildFile; fileRef = 3D32CE4829C5836D00EF6E0F /* NetworkUtils.swift */; };
		3D32CE4B29C58A5D00EF6E0F /* SwiftUIView.swift in Sources */ = {isa = PBXBuildFile; fileRef = 3D32CE4A29C58A5D00EF6E0F /* SwiftUIView.swift */; };
		3D32CE4E29C6FCB600EF6E0F /* contentViewData.xcdatamodeld in Sources */ = {isa = PBXBuildFile; fileRef = 3D32CE4C29C6FCB600EF6E0F /* contentViewData.xcdatamodeld */; };
		3D32CE5829C7020F00EF6E0F /* CoreDataUtils.swift in Sources */ = {isa = PBXBuildFile; fileRef = 3D32CE5729C7020F00EF6E0F /* CoreDataUtils.swift */; };
		3DEBE0CF29C75737004CF958 /* SwiftUIX in Frameworks */ = {isa = PBXBuildFile; productRef = 3DEBE0CE29C75737004CF958 /* SwiftUIX */; };
		3DEBE0D329C75792004CF958 /* NormalContainer.swift in Sources */ = {isa = PBXBuildFile; fileRef = 3DEBE0D229C75792004CF958 /* NormalContainer.swift */; };
		3DEBE0D729C76538004CF958 /* SomeCustomNormalUI.swift in Sources */ = {isa = PBXBuildFile; fileRef = 3DEBE0D629C76538004CF958 /* SomeCustomNormalUI.swift */; };
		3DEBE0DB29C767D6004CF958 /* UserInputView.swift in Sources */ = {isa = PBXBuildFile; fileRef = 3DEBE0DA29C767D6004CF958 /* UserInputView.swift */; };
		3DEBE0DF29C81CCF004CF958 /* AppColorScheme.swift in Sources */ = {isa = PBXBuildFile; fileRef = 3DEBE0DE29C81CCF004CF958 /* AppColorScheme.swift */; };
		3DEBE0E329C822F7004CF958 /* testForAnyView.swift in Sources */ = {isa = PBXBuildFile; fileRef = 3DEBE0E229C822F7004CF958 /* testForAnyView.swift */; };
/* End PBXBuildFile section */

/* Begin PBXContainerItemProxy section */
		3D32CE0829C1E87600EF6E0F /* PBXContainerItemProxy */ = {
			isa = PBXContainerItemProxy;
			containerPortal = 3D32CDEF29C1E87500EF6E0F /* Project object */;
			proxyType = 1;
			remoteGlobalIDString = 3D32CDF629C1E87500EF6E0F;
			remoteInfo = SD0.1;
		};
		3D32CE1229C1E87600EF6E0F /* PBXContainerItemProxy */ = {
			isa = PBXContainerItemProxy;
			containerPortal = 3D32CDEF29C1E87500EF6E0F /* Project object */;
			proxyType = 1;
			remoteGlobalIDString = 3D32CDF629C1E87500EF6E0F;
			remoteInfo = SD0.1;
		};
/* End PBXContainerItemProxy section */

/* Begin PBXFileReference section */
		3D32CDF729C1E87500EF6E0F /* SD0.1.app */ = {isa = PBXFileReference; explicitFileType = wrapper.application; includeInIndex = 0; path = SD0.1.app; sourceTree = BUILT_PRODUCTS_DIR; };
		3D32CDFA29C1E87500EF6E0F /* SD0_1App.swift */ = {isa = PBXFileReference; lastKnownFileType = sourcecode.swift; path = SD0_1App.swift; sourceTree = "<group>"; };
		3D32CDFC29C1E87500EF6E0F /* ContentView.swift */ = {isa = PBXFileReference; lastKnownFileType = sourcecode.swift; path = ContentView.swift; sourceTree = "<group>"; };
		3D32CDFE29C1E87500EF6E0F /* Assets.xcassets */ = {isa = PBXFileReference; lastKnownFileType = folder.assetcatalog; path = Assets.xcassets; sourceTree = "<group>"; };
		3D32CE0129C1E87500EF6E0F /* Preview Assets.xcassets */ = {isa = PBXFileReference; lastKnownFileType = folder.assetcatalog; path = "Preview Assets.xcassets"; sourceTree = "<group>"; };
		3D32CE0729C1E87600EF6E0F /* SD0.1Tests.xctest */ = {isa = PBXFileReference; explicitFileType = wrapper.cfbundle; includeInIndex = 0; path = SD0.1Tests.xctest; sourceTree = BUILT_PRODUCTS_DIR; };
		3D32CE0B29C1E87600EF6E0F /* SD0_1Tests.swift */ = {isa = PBXFileReference; lastKnownFileType = sourcecode.swift; path = SD0_1Tests.swift; sourceTree = "<group>"; };
		3D32CE1129C1E87600EF6E0F /* SD0.1UITests.xctest */ = {isa = PBXFileReference; explicitFileType = wrapper.cfbundle; includeInIndex = 0; path = SD0.1UITests.xctest; sourceTree = BUILT_PRODUCTS_DIR; };
		3D32CE1529C1E87600EF6E0F /* SD0_1UITests.swift */ = {isa = PBXFileReference; lastKnownFileType = sourcecode.swift; path = SD0_1UITests.swift; sourceTree = "<group>"; };
		3D32CE1729C1E87600EF6E0F /* SD0_1UITestsLaunchTests.swift */ = {isa = PBXFileReference; lastKnownFileType = sourcecode.swift; path = SD0_1UITestsLaunchTests.swift; sourceTree = "<group>"; };
		3D32CE2429C1E9C600EF6E0F /* NetworkManager.swift */ = {isa = PBXFileReference; lastKnownFileType = sourcecode.swift; path = NetworkManager.swift; sourceTree = "<group>"; };
		3D32CE2629C1FC7900EF6E0F /* AlertView.swift */ = {isa = PBXFileReference; lastKnownFileType = sourcecode.swift; path = AlertView.swift; sourceTree = "<group>"; };
		3D32CE2829C1FCD900EF6E0F /* ResultPage.swift */ = {isa = PBXFileReference; lastKnownFileType = sourcecode.swift; path = ResultPage.swift; sourceTree = "<group>"; };
		3D32CE2A29C20E1400EF6E0F /* CustomNavigationBar.swift */ = {isa = PBXFileReference; lastKnownFileType = sourcecode.swift; path = CustomNavigationBar.swift; sourceTree = "<group>"; };
		3D32CE2C29C230B700EF6E0F /* AppViewModel.swift */ = {isa = PBXFileReference; lastKnownFileType = sourcecode.swift; path = AppViewModel.swift; sourceTree = "<group>"; };
		3D32CE2E29C48AC700EF6E0F /* BottomTabBar.swift */ = {isa = PBXFileReference; lastKnownFileType = sourcecode.swift; path = BottomTabBar.swift; sourceTree = "<group>"; };
		3D32CE3229C48BBA00EF6E0F /* HistoryPage.swift */ = {isa = PBXFileReference; lastKnownFileType = sourcecode.swift; path = HistoryPage.swift; sourceTree = "<group>"; };
		3D32CE3429C48CA900EF6E0F /* MainView.swift */ = {isa = PBXFileReference; lastKnownFileType = sourcecode.swift; path = MainView.swift; sourceTree = "<group>"; };
		3D32CE3629C48CCC00EF6E0F /* AppData.swift */ = {isa = PBXFileReference; lastKnownFileType = sourcecode.swift; path = AppData.swift; sourceTree = "<group>"; };
		3D32CE3829C4951F00EF6E0F /* Utils.swift */ = {isa = PBXFileReference; lastKnownFileType = sourcecode.swift; path = Utils.swift; sourceTree = "<group>"; };
		3D32CE3A29C4962200EF6E0F /* ServerResponse.swift */ = {isa = PBXFileReference; lastKnownFileType = sourcecode.swift; path = ServerResponse.swift; sourceTree = "<group>"; };
		3D32CE4429C57A0C00EF6E0F /* ToastView.swift */ = {isa = PBXFileReference; lastKnownFileType = sourcecode.swift; path = ToastView.swift; sourceTree = "<group>"; };
		3D32CE4829C5836D00EF6E0F /* NetworkUtils.swift */ = {isa = PBXFileReference; lastKnownFileType = sourcecode.swift; path = NetworkUtils.swift; sourceTree = "<group>"; };
		3D32CE4A29C58A5D00EF6E0F /* SwiftUIView.swift */ = {isa = PBXFileReference; lastKnownFileType = sourcecode.swift; path = SwiftUIView.swift; sourceTree = "<group>"; };
		3D32CE4D29C6FCB600EF6E0F /* contentViewData.xcdatamodel */ = {isa = PBXFileReference; lastKnownFileType = wrapper.xcdatamodel; path = contentViewData.xcdatamodel; sourceTree = "<group>"; };
		3D32CE5729C7020F00EF6E0F /* CoreDataUtils.swift */ = {isa = PBXFileReference; lastKnownFileType = sourcecode.swift; path = CoreDataUtils.swift; sourceTree = "<group>"; };
		3DEBE0D229C75792004CF958 /* NormalContainer.swift */ = {isa = PBXFileReference; lastKnownFileType = sourcecode.swift; path = NormalContainer.swift; sourceTree = "<group>"; };
		3DEBE0D629C76538004CF958 /* SomeCustomNormalUI.swift */ = {isa = PBXFileReference; lastKnownFileType = sourcecode.swift; path = SomeCustomNormalUI.swift; sourceTree = "<group>"; };
		3DEBE0DA29C767D6004CF958 /* UserInputView.swift */ = {isa = PBXFileReference; lastKnownFileType = sourcecode.swift; path = UserInputView.swift; sourceTree = "<group>"; };
		3DEBE0DE29C81CCF004CF958 /* AppColorScheme.swift */ = {isa = PBXFileReference; lastKnownFileType = sourcecode.swift; path = AppColorScheme.swift; sourceTree = "<group>"; };
		3DEBE0E229C822F7004CF958 /* testForAnyView.swift */ = {isa = PBXFileReference; lastKnownFileType = sourcecode.swift; path = testForAnyView.swift; sourceTree = "<group>"; };
/* End PBXFileReference section */

/* Begin PBXFrameworksBuildPhase section */
		3D32CDF429C1E87500EF6E0F /* Frameworks */ = {
			isa = PBXFrameworksBuildPhase;
			buildActionMask = 2147483647;
			files = (
				3DEBE0CF29C75737004CF958 /* SwiftUIX in Frameworks */,
				3D32CE4129C4D2E700EF6E0F /* AnyCodable in Frameworks */,
				3D32CE3E29C4C68800EF6E0F /* SwiftyJSON in Frameworks */,
			);
			runOnlyForDeploymentPostprocessing = 0;
		};
		3D32CE0429C1E87600EF6E0F /* Frameworks */ = {
			isa = PBXFrameworksBuildPhase;
			buildActionMask = 2147483647;
			files = (
			);
			runOnlyForDeploymentPostprocessing = 0;
		};
		3D32CE0E29C1E87600EF6E0F /* Frameworks */ = {
			isa = PBXFrameworksBuildPhase;
			buildActionMask = 2147483647;
			files = (
			);
			runOnlyForDeploymentPostprocessing = 0;
		};
/* End PBXFrameworksBuildPhase section */

/* Begin PBXGroup section */
		3D32CDEE29C1E87500EF6E0F = {
			isa = PBXGroup;
			children = (
				3DEBE0DE29C81CCF004CF958 /* AppColorScheme.swift */,
				3DEBE0D229C75792004CF958 /* NormalContainer.swift */,
				3D32CE5729C7020F00EF6E0F /* CoreDataUtils.swift */,
				3DEBE0D629C76538004CF958 /* SomeCustomNormalUI.swift */,
				3D32CE4C29C6FCB600EF6E0F /* contentViewData.xcdatamodeld */,
				3D32CE4A29C58A5D00EF6E0F /* SwiftUIView.swift */,
				3D32CE4829C5836D00EF6E0F /* NetworkUtils.swift */,
				3D32CDF929C1E87500EF6E0F /* SD0.1 */,
				3D32CE0A29C1E87600EF6E0F /* SD0.1Tests */,
				3D32CE1429C1E87600EF6E0F /* SD0.1UITests */,
				3D32CDF829C1E87500EF6E0F /* Products */,
			);
			sourceTree = "<group>";
		};
		3D32CDF829C1E87500EF6E0F /* Products */ = {
			isa = PBXGroup;
			children = (
				3D32CDF729C1E87500EF6E0F /* SD0.1.app */,
				3D32CE0729C1E87600EF6E0F /* SD0.1Tests.xctest */,
				3D32CE1129C1E87600EF6E0F /* SD0.1UITests.xctest */,
			);
			name = Products;
			sourceTree = "<group>";
		};
		3D32CDF929C1E87500EF6E0F /* SD0.1 */ = {
			isa = PBXGroup;
			children = (
				3DEBE0E229C822F7004CF958 /* testForAnyView.swift */,
				3DEBE0DA29C767D6004CF958 /* UserInputView.swift */,
				3D32CE4429C57A0C00EF6E0F /* ToastView.swift */,
				3D32CE3429C48CA900EF6E0F /* MainView.swift */,
				3D32CE3629C48CCC00EF6E0F /* AppData.swift */,
				3D32CE2E29C48AC700EF6E0F /* BottomTabBar.swift */,
				3D32CE3229C48BBA00EF6E0F /* HistoryPage.swift */,
				3D32CE2C29C230B700EF6E0F /* AppViewModel.swift */,
				3D32CE2A29C20E1400EF6E0F /* CustomNavigationBar.swift */,
				3D32CE2829C1FCD900EF6E0F /* ResultPage.swift */,
				3D32CE2629C1FC7900EF6E0F /* AlertView.swift */,
				3D32CDFA29C1E87500EF6E0F /* SD0_1App.swift */,
				3D32CDFC29C1E87500EF6E0F /* ContentView.swift */,
				3D32CE3A29C4962200EF6E0F /* ServerResponse.swift */,
				3D32CE3829C4951F00EF6E0F /* Utils.swift */,
				3D32CDFE29C1E87500EF6E0F /* Assets.xcassets */,
				3D32CE0029C1E87500EF6E0F /* Preview Content */,
				3D32CE2429C1E9C600EF6E0F /* NetworkManager.swift */,
			);
			path = SD0.1;
			sourceTree = "<group>";
		};
		3D32CE0029C1E87500EF6E0F /* Preview Content */ = {
			isa = PBXGroup;
			children = (
				3D32CE0129C1E87500EF6E0F /* Preview Assets.xcassets */,
			);
			path = "Preview Content";
			sourceTree = "<group>";
		};
		3D32CE0A29C1E87600EF6E0F /* SD0.1Tests */ = {
			isa = PBXGroup;
			children = (
				3D32CE0B29C1E87600EF6E0F /* SD0_1Tests.swift */,
			);
			path = SD0.1Tests;
			sourceTree = "<group>";
		};
		3D32CE1429C1E87600EF6E0F /* SD0.1UITests */ = {
			isa = PBXGroup;
			children = (
				3D32CE1529C1E87600EF6E0F /* SD0_1UITests.swift */,
				3D32CE1729C1E87600EF6E0F /* SD0_1UITestsLaunchTests.swift */,
			);
			path = SD0.1UITests;
			sourceTree = "<group>";
		};
/* End PBXGroup section */

/* Begin PBXNativeTarget section */
		3D32CDF629C1E87500EF6E0F /* SD0.1 */ = {
			isa = PBXNativeTarget;
			buildConfigurationList = 3D32CE1B29C1E87600EF6E0F /* Build configuration list for PBXNativeTarget "SD0.1" */;
			buildPhases = (
				3D32CDF329C1E87500EF6E0F /* Sources */,
				3D32CDF429C1E87500EF6E0F /* Frameworks */,
				3D32CDF529C1E87500EF6E0F /* Resources */,
			);
			buildRules = (
			);
			dependencies = (
			);
			name = SD0.1;
			packageProductDependencies = (
				3D32CE3D29C4C68800EF6E0F /* SwiftyJSON */,
				3D32CE4029C4D2E700EF6E0F /* AnyCodable */,
				3DEBE0CE29C75737004CF958 /* SwiftUIX */,
			);
			productName = SD0.1;
			productReference = 3D32CDF729C1E87500EF6E0F /* SD0.1.app */;
			productType = "com.apple.product-type.application";
		};
		3D32CE0629C1E87600EF6E0F /* SD0.1Tests */ = {
			isa = PBXNativeTarget;
			buildConfigurationList = 3D32CE1E29C1E87600EF6E0F /* Build configuration list for PBXNativeTarget "SD0.1Tests" */;
			buildPhases = (
				3D32CE0329C1E87600EF6E0F /* Sources */,
				3D32CE0429C1E87600EF6E0F /* Frameworks */,
				3D32CE0529C1E87600EF6E0F /* Resources */,
			);
			buildRules = (
			);
			dependencies = (
				3D32CE0929C1E87600EF6E0F /* PBXTargetDependency */,
			);
			name = SD0.1Tests;
			productName = SD0.1Tests;
			productReference = 3D32CE0729C1E87600EF6E0F /* SD0.1Tests.xctest */;
			productType = "com.apple.product-type.bundle.unit-test";
		};
		3D32CE1029C1E87600EF6E0F /* SD0.1UITests */ = {
			isa = PBXNativeTarget;
			buildConfigurationList = 3D32CE2129C1E87600EF6E0F /* Build configuration list for PBXNativeTarget "SD0.1UITests" */;
			buildPhases = (
				3D32CE0D29C1E87600EF6E0F /* Sources */,
				3D32CE0E29C1E87600EF6E0F /* Frameworks */,
				3D32CE0F29C1E87600EF6E0F /* Resources */,
			);
			buildRules = (
			);
			dependencies = (
				3D32CE1329C1E87600EF6E0F /* PBXTargetDependency */,
			);
			name = SD0.1UITests;
			productName = SD0.1UITests;
			productReference = 3D32CE1129C1E87600EF6E0F /* SD0.1UITests.xctest */;
			productType = "com.apple.product-type.bundle.ui-testing";
		};
/* End PBXNativeTarget section */

/* Begin PBXProject section */
		3D32CDEF29C1E87500EF6E0F /* Project object */ = {
			isa = PBXProject;
			attributes = {
				BuildIndependentTargetsInParallel = 1;
				LastSwiftUpdateCheck = 1420;
				LastUpgradeCheck = 1420;
				TargetAttributes = {
					3D32CDF629C1E87500EF6E0F = {
						CreatedOnToolsVersion = 14.2;
					};
					3D32CE0629C1E87600EF6E0F = {
						CreatedOnToolsVersion = 14.2;
						TestTargetID = 3D32CDF629C1E87500EF6E0F;
					};
					3D32CE1029C1E87600EF6E0F = {
						CreatedOnToolsVersion = 14.2;
						TestTargetID = 3D32CDF629C1E87500EF6E0F;
					};
				};
			};
			buildConfigurationList = 3D32CDF229C1E87500EF6E0F /* Build configuration list for PBXProject "SD0.1" */;
			compatibilityVersion = "Xcode 14.0";
			developmentRegion = en;
			hasScannedForEncodings = 0;
			knownRegions = (
				en,
				Base,
			);
			mainGroup = 3D32CDEE29C1E87500EF6E0F;
			packageReferences = (
				3D32CE3C29C4C68800EF6E0F /* XCRemoteSwiftPackageReference "SwiftyJSON" */,
				3D32CE3F29C4D2E700EF6E0F /* XCRemoteSwiftPackageReference "AnyCodable" */,
				3DEBE0CD29C75737004CF958 /* XCRemoteSwiftPackageReference "SwiftUIX" */,
			);
			productRefGroup = 3D32CDF829C1E87500EF6E0F /* Products */;
			projectDirPath = "";
			projectRoot = "";
			targets = (
				3D32CDF629C1E87500EF6E0F /* SD0.1 */,
				3D32CE0629C1E87600EF6E0F /* SD0.1Tests */,
				3D32CE1029C1E87600EF6E0F /* SD0.1UITests */,
			);
		};
/* End PBXProject section */

/* Begin PBXResourcesBuildPhase section */
		3D32CDF529C1E87500EF6E0F /* Resources */ = {
			isa = PBXResourcesBuildPhase;
			buildActionMask = 2147483647;
			files = (
				3D32CE0229C1E87500EF6E0F /* Preview Assets.xcassets in Resources */,
				3D32CDFF29C1E87500EF6E0F /* Assets.xcassets in Resources */,
			);
			runOnlyForDeploymentPostprocessing = 0;
		};
		3D32CE0529C1E87600EF6E0F /* Resources */ = {
			isa = PBXResourcesBuildPhase;
			buildActionMask = 2147483647;
			files = (
			);
			runOnlyForDeploymentPostprocessing = 0;
		};
		3D32CE0F29C1E87600EF6E0F /* Resources */ = {
			isa = PBXResourcesBuildPhase;
			buildActionMask = 2147483647;
			files = (
			);
			runOnlyForDeploymentPostprocessing = 0;
		};
/* End PBXResourcesBuildPhase section */

/* Begin PBXSourcesBuildPhase section */
		3D32CDF329C1E87500EF6E0F /* Sources */ = {
			isa = PBXSourcesBuildPhase;
			buildActionMask = 2147483647;
			files = (
				3D32CE2B29C20E1400EF6E0F /* CustomNavigationBar.swift in Sources */,
				3D32CE2529C1E9C600EF6E0F /* NetworkManager.swift in Sources */,
				3DEBE0DF29C81CCF004CF958 /* AppColorScheme.swift in Sources */,
				3DEBE0D329C75792004CF958 /* NormalContainer.swift in Sources */,
				3D32CE4B29C58A5D00EF6E0F /* SwiftUIView.swift in Sources */,
				3D32CE2D29C230B700EF6E0F /* AppViewModel.swift in Sources */,
				3D32CE4E29C6FCB600EF6E0F /* contentViewData.xcdatamodeld in Sources */,
				3D32CE3B29C4962200EF6E0F /* ServerResponse.swift in Sources */,
				3D32CE4529C57A0D00EF6E0F /* ToastView.swift in Sources */,
				3D32CE4929C5836D00EF6E0F /* NetworkUtils.swift in Sources */,
				3D32CE3529C48CA900EF6E0F /* MainView.swift in Sources */,
				3D32CE3729C48CCC00EF6E0F /* AppData.swift in Sources */,
				3D32CE2729C1FC7900EF6E0F /* AlertView.swift in Sources */,
				3D32CE2929C1FCD900EF6E0F /* ResultPage.swift in Sources */,
				3D32CDFD29C1E87500EF6E0F /* ContentView.swift in Sources */,
				3D32CE5829C7020F00EF6E0F /* CoreDataUtils.swift in Sources */,
				3D32CE3329C48BBA00EF6E0F /* HistoryPage.swift in Sources */,
				3DEBE0E329C822F7004CF958 /* testForAnyView.swift in Sources */,
				3D32CE2F29C48AC700EF6E0F /* BottomTabBar.swift in Sources */,
				3DEBE0D729C76538004CF958 /* SomeCustomNormalUI.swift in Sources */,
				3D32CDFB29C1E87500EF6E0F /* SD0_1App.swift in Sources */,
				3DEBE0DB29C767D6004CF958 /* UserInputView.swift in Sources */,
				3D32CE3929C4951F00EF6E0F /* Utils.swift in Sources */,
			);
			runOnlyForDeploymentPostprocessing = 0;
		};
		3D32CE0329C1E87600EF6E0F /* Sources */ = {
			isa = PBXSourcesBuildPhase;
			buildActionMask = 2147483647;
			files = (
				3D32CE0C29C1E87600EF6E0F /* SD0_1Tests.swift in Sources */,
			);
			runOnlyForDeploymentPostprocessing = 0;
		};
		3D32CE0D29C1E87600EF6E0F /* Sources */ = {
			isa = PBXSourcesBuildPhase;
			buildActionMask = 2147483647;
			files = (
				3D32CE1829C1E87600EF6E0F /* SD0_1UITestsLaunchTests.swift in Sources */,
				3D32CE1629C1E87600EF6E0F /* SD0_1UITests.swift in Sources */,
			);
			runOnlyForDeploymentPostprocessing = 0;
		};
/* End PBXSourcesBuildPhase section */

/* Begin PBXTargetDependency section */
		3D32CE0929C1E87600EF6E0F /* PBXTargetDependency */ = {
			isa = PBXTargetDependency;
			target = 3D32CDF629C1E87500EF6E0F /* SD0.1 */;
			targetProxy = 3D32CE0829C1E87600EF6E0F /* PBXContainerItemProxy */;
		};
		3D32CE1329C1E87600EF6E0F /* PBXTargetDependency */ = {
			isa = PBXTargetDependency;
			target = 3D32CDF629C1E87500EF6E0F /* SD0.1 */;
			targetProxy = 3D32CE1229C1E87600EF6E0F /* PBXContainerItemProxy */;
		};
/* End PBXTargetDependency section */

/* Begin XCBuildConfiguration section */
		3D32CE1929C1E87600EF6E0F /* Debug */ = {
			isa = XCBuildConfiguration;
			buildSettings = {
				ALWAYS_SEARCH_USER_PATHS = NO;
				CLANG_ANALYZER_NONNULL = YES;
				CLANG_ANALYZER_NUMBER_OBJECT_CONVERSION = YES_AGGRESSIVE;
				CLANG_CXX_LANGUAGE_STANDARD = "gnu++20";
				CLANG_ENABLE_MODULES = YES;
				CLANG_ENABLE_OBJC_ARC = YES;
				CLANG_ENABLE_OBJC_WEAK = YES;
				CLANG_WARN_BLOCK_CAPTURE_AUTORELEASING = YES;
				CLANG_WARN_BOOL_CONVERSION = YES;
				CLANG_WARN_COMMA = YES;
				CLANG_WARN_CONSTANT_CONVERSION = YES;
				CLANG_WARN_DEPRECATED_OBJC_IMPLEMENTATIONS = YES;
				CLANG_WARN_DIRECT_OBJC_ISA_USAGE = YES_ERROR;
				CLANG_WARN_DOCUMENTATION_COMMENTS = YES;
				CLANG_WARN_EMPTY_BODY = YES;
				CLANG_WARN_ENUM_CONVERSION = YES;
				CLANG_WARN_INFINITE_RECURSION = YES;
				CLANG_WARN_INT_CONVERSION = YES;
				CLANG_WARN_NON_LITERAL_NULL_CONVERSION = YES;
				CLANG_WARN_OBJC_IMPLICIT_RETAIN_SELF = YES;
				CLANG_WARN_OBJC_LITERAL_CONVERSION = YES;
				CLANG_WARN_OBJC_ROOT_CLASS = YES_ERROR;
				CLANG_WARN_QUOTED_INCLUDE_IN_FRAMEWORK_HEADER = YES;
				CLANG_WARN_RANGE_LOOP_ANALYSIS = YES;
				CLANG_WARN_STRICT_PROTOTYPES = YES;
				CLANG_WARN_SUSPICIOUS_MOVE = YES;
				CLANG_WARN_UNGUARDED_AVAILABILITY = YES_AGGRESSIVE;
				CLANG_WARN_UNREACHABLE_CODE = YES;
				CLANG_WARN__DUPLICATE_METHOD_MATCH = YES;
				COPY_PHASE_STRIP = NO;
				DEBUG_INFORMATION_FORMAT = dwarf;
				ENABLE_STRICT_OBJC_MSGSEND = YES;
				ENABLE_TESTABILITY = YES;
				GCC_C_LANGUAGE_STANDARD = gnu11;
				GCC_DYNAMIC_NO_PIC = NO;
				GCC_NO_COMMON_BLOCKS = YES;
				GCC_OPTIMIZATION_LEVEL = 0;
				GCC_PREPROCESSOR_DEFINITIONS = (
					"DEBUG=1",
					"$(inherited)",
				);
				GCC_WARN_64_TO_32_BIT_CONVERSION = YES;
				GCC_WARN_ABOUT_RETURN_TYPE = YES_ERROR;
				GCC_WARN_UNDECLARED_SELECTOR = YES;
				GCC_WARN_UNINITIALIZED_AUTOS = YES_AGGRESSIVE;
				GCC_WARN_UNUSED_FUNCTION = YES;
				GCC_WARN_UNUSED_VARIABLE = YES;
				IPHONEOS_DEPLOYMENT_TARGET = 16.2;
				MTL_ENABLE_DEBUG_INFO = INCLUDE_SOURCE;
				MTL_FAST_MATH = YES;
				ONLY_ACTIVE_ARCH = YES;
				SDKROOT = iphoneos;
				SWIFT_ACTIVE_COMPILATION_CONDITIONS = DEBUG;
				SWIFT_OPTIMIZATION_LEVEL = "-Onone";
			};
			name = Debug;
		};
		3D32CE1A29C1E87600EF6E0F /* Release */ = {
			isa = XCBuildConfiguration;
			buildSettings = {
				ALWAYS_SEARCH_USER_PATHS = NO;
				CLANG_ANALYZER_NONNULL = YES;
				CLANG_ANALYZER_NUMBER_OBJECT_CONVERSION = YES_AGGRESSIVE;
				CLANG_CXX_LANGUAGE_STANDARD = "gnu++20";
				CLANG_ENABLE_MODULES = YES;
				CLANG_ENABLE_OBJC_ARC = YES;
				CLANG_ENABLE_OBJC_WEAK = YES;
				CLANG_WARN_BLOCK_CAPTURE_AUTORELEASING = YES;
				CLANG_WARN_BOOL_CONVERSION = YES;
				CLANG_WARN_COMMA = YES;
				CLANG_WARN_CONSTANT_CONVERSION = YES;
				CLANG_WARN_DEPRECATED_OBJC_IMPLEMENTATIONS = YES;
				CLANG_WARN_DIRECT_OBJC_ISA_USAGE = YES_ERROR;
				CLANG_WARN_DOCUMENTATION_COMMENTS = YES;
				CLANG_WARN_EMPTY_BODY = YES;
				CLANG_WARN_ENUM_CONVERSION = YES;
				CLANG_WARN_INFINITE_RECURSION = YES;
				CLANG_WARN_INT_CONVERSION = YES;
				CLANG_WARN_NON_LITERAL_NULL_CONVERSION = YES;
				CLANG_WARN_OBJC_IMPLICIT_RETAIN_SELF = YES;
				CLANG_WARN_OBJC_LITERAL_CONVERSION = YES;
				CLANG_WARN_OBJC_ROOT_CLASS = YES_ERROR;
				CLANG_WARN_QUOTED_INCLUDE_IN_FRAMEWORK_HEADER = YES;
				CLANG_WARN_RANGE_LOOP_ANALYSIS = YES;
				CLANG_WARN_STRICT_PROTOTYPES = YES;
				CLANG_WARN_SUSPICIOUS_MOVE = YES;
				CLANG_WARN_UNGUARDED_AVAILABILITY = YES_AGGRESSIVE;
				CLANG_WARN_UNREACHABLE_CODE = YES;
				CLANG_WARN__DUPLICATE_METHOD_MATCH = YES;
				COPY_PHASE_STRIP = NO;
				DEBUG_INFORMATION_FORMAT = "dwarf-with-dsym";
				ENABLE_NS_ASSERTIONS = NO;
				ENABLE_STRICT_OBJC_MSGSEND = YES;
				GCC_C_LANGUAGE_STANDARD = gnu11;
				GCC_NO_COMMON_BLOCKS = YES;
				GCC_WARN_64_TO_32_BIT_CONVERSION = YES;
				GCC_WARN_ABOUT_RETURN_TYPE = YES_ERROR;
				GCC_WARN_UNDECLARED_SELECTOR = YES;
				GCC_WARN_UNINITIALIZED_AUTOS = YES_AGGRESSIVE;
				GCC_WARN_UNUSED_FUNCTION = YES;
				GCC_WARN_UNUSED_VARIABLE = YES;
				IPHONEOS_DEPLOYMENT_TARGET = 16.2;
				MTL_ENABLE_DEBUG_INFO = NO;
				MTL_FAST_MATH = YES;
				SDKROOT = iphoneos;
				SWIFT_COMPILATION_MODE = wholemodule;
				SWIFT_OPTIMIZATION_LEVEL = "-O";
				VALIDATE_PRODUCT = YES;
			};
			name = Release;
		};
		3D32CE1C29C1E87600EF6E0F /* Debug */ = {
			isa = XCBuildConfiguration;
			buildSettings = {
				ASSETCATALOG_COMPILER_APPICON_NAME = AppIcon;
				ASSETCATALOG_COMPILER_GLOBAL_ACCENT_COLOR_NAME = AccentColor;
				CODE_SIGN_STYLE = Automatic;
				CURRENT_PROJECT_VERSION = 1;
				DEVELOPMENT_ASSET_PATHS = "\"SD0.1/Preview Content\"";
				DEVELOPMENT_TEAM = NY895LXZ8G;
				ENABLE_PREVIEWS = YES;
				GENERATE_INFOPLIST_FILE = YES;
				INFOPLIST_KEY_NSPhotoLibraryUsageDescription = "需要访问您的照片库以保存生成的图像。";
				INFOPLIST_KEY_UIApplicationSceneManifest_Generation = YES;
				INFOPLIST_KEY_UIApplicationSupportsIndirectInputEvents = YES;
				INFOPLIST_KEY_UILaunchScreen_Generation = YES;
				INFOPLIST_KEY_UISupportedInterfaceOrientations_iPad = "UIInterfaceOrientationPortrait UIInterfaceOrientationPortraitUpsideDown UIInterfaceOrientationLandscapeLeft UIInterfaceOrientationLandscapeRight";
				INFOPLIST_KEY_UISupportedInterfaceOrientations_iPhone = "UIInterfaceOrientationPortrait UIInterfaceOrientationLandscapeLeft UIInterfaceOrientationLandscapeRight";
				LD_RUNPATH_SEARCH_PATHS = (
					"$(inherited)",
					"@executable_path/Frameworks",
				);
				MARKETING_VERSION = 1.0;
				PRODUCT_BUNDLE_IDENTIFIER = "CreepOnSky.SD0-1";
				PRODUCT_NAME = "$(TARGET_NAME)";
				SWIFT_EMIT_LOC_STRINGS = YES;
				SWIFT_VERSION = 5.0;
				TARGETED_DEVICE_FAMILY = "1,2";
			};
			name = Debug;
		};
		3D32CE1D29C1E87600EF6E0F /* Release */ = {
			isa = XCBuildConfiguration;
			buildSettings = {
				ASSETCATALOG_COMPILER_APPICON_NAME = AppIcon;
				ASSETCATALOG_COMPILER_GLOBAL_ACCENT_COLOR_NAME = AccentColor;
				CODE_SIGN_STYLE = Automatic;
				CURRENT_PROJECT_VERSION = 1;
				DEVELOPMENT_ASSET_PATHS = "\"SD0.1/Preview Content\"";
				DEVELOPMENT_TEAM = NY895LXZ8G;
				ENABLE_PREVIEWS = YES;
				GENERATE_INFOPLIST_FILE = YES;
				INFOPLIST_KEY_NSPhotoLibraryUsageDescription = "需要访问您的照片库以保存生成的图像。";
				INFOPLIST_KEY_UIApplicationSceneManifest_Generation = YES;
				INFOPLIST_KEY_UIApplicationSupportsIndirectInputEvents = YES;
				INFOPLIST_KEY_UILaunchScreen_Generation = YES;
				INFOPLIST_KEY_UISupportedInterfaceOrientations_iPad = "UIInterfaceOrientationPortrait UIInterfaceOrientationPortraitUpsideDown UIInterfaceOrientationLandscapeLeft UIInterfaceOrientationLandscapeRight";
				INFOPLIST_KEY_UISupportedInterfaceOrientations_iPhone = "UIInterfaceOrientationPortrait UIInterfaceOrientationLandscapeLeft UIInterfaceOrientationLandscapeRight";
				LD_RUNPATH_SEARCH_PATHS = (
					"$(inherited)",
					"@executable_path/Frameworks",
				);
				MARKETING_VERSION = 1.0;
				PRODUCT_BUNDLE_IDENTIFIER = "CreepOnSky.SD0-1";
				PRODUCT_NAME = "$(TARGET_NAME)";
				SWIFT_EMIT_LOC_STRINGS = YES;
				SWIFT_VERSION = 5.0;
				TARGETED_DEVICE_FAMILY = "1,2";
			};
			name = Release;
		};
		3D32CE1F29C1E87600EF6E0F /* Debug */ = {
			isa = XCBuildConfiguration;
			buildSettings = {
				ALWAYS_EMBED_SWIFT_STANDARD_LIBRARIES = YES;
				BUNDLE_LOADER = "$(TEST_HOST)";
				CODE_SIGN_STYLE = Automatic;
				CURRENT_PROJECT_VERSION = 1;
				DEVELOPMENT_TEAM = NY895LXZ8G;
				GENERATE_INFOPLIST_FILE = YES;
				IPHONEOS_DEPLOYMENT_TARGET = 16.2;
				MARKETING_VERSION = 1.0;
				PRODUCT_BUNDLE_IDENTIFIER = "CreepOnSky.SD0-1Tests";
				PRODUCT_NAME = "$(TARGET_NAME)";
				SWIFT_EMIT_LOC_STRINGS = NO;
				SWIFT_VERSION = 5.0;
				TARGETED_DEVICE_FAMILY = "1,2";
				TEST_HOST = "$(BUILT_PRODUCTS_DIR)/SD0.1.app/$(BUNDLE_EXECUTABLE_FOLDER_PATH)/SD0.1";
			};
			name = Debug;
		};
		3D32CE2029C1E87600EF6E0F /* Release */ = {
			isa = XCBuildConfiguration;
			buildSettings = {
				ALWAYS_EMBED_SWIFT_STANDARD_LIBRARIES = YES;
				BUNDLE_LOADER = "$(TEST_HOST)";
				CODE_SIGN_STYLE = Automatic;
				CURRENT_PROJECT_VERSION = 1;
				DEVELOPMENT_TEAM = NY895LXZ8G;
				GENERATE_INFOPLIST_FILE = YES;
				IPHONEOS_DEPLOYMENT_TARGET = 16.2;
				MARKETING_VERSION = 1.0;
				PRODUCT_BUNDLE_IDENTIFIER = "CreepOnSky.SD0-1Tests";
				PRODUCT_NAME = "$(TARGET_NAME)";
				SWIFT_EMIT_LOC_STRINGS = NO;
				SWIFT_VERSION = 5.0;
				TARGETED_DEVICE_FAMILY = "1,2";
				TEST_HOST = "$(BUILT_PRODUCTS_DIR)/SD0.1.app/$(BUNDLE_EXECUTABLE_FOLDER_PATH)/SD0.1";
			};
			name = Release;
		};
		3D32CE2229C1E87600EF6E0F /* Debug */ = {
			isa = XCBuildConfiguration;
			buildSettings = {
				ALWAYS_EMBED_SWIFT_STANDARD_LIBRARIES = YES;
				CODE_SIGN_STYLE = Automatic;
				CURRENT_PROJECT_VERSION = 1;
				DEVELOPMENT_TEAM = NY895LXZ8G;
				GENERATE_INFOPLIST_FILE = YES;
				MARKETING_VERSION = 1.0;
				PRODUCT_BUNDLE_IDENTIFIER = "CreepOnSky.SD0-1UITests";
				PRODUCT_NAME = "$(TARGET_NAME)";
				SWIFT_EMIT_LOC_STRINGS = NO;
				SWIFT_VERSION = 5.0;
				TARGETED_DEVICE_FAMILY = "1,2";
				TEST_TARGET_NAME = SD0.1;
			};
			name = Debug;
		};
		3D32CE2329C1E87600EF6E0F /* Release */ = {
			isa = XCBuildConfiguration;
			buildSettings = {
				ALWAYS_EMBED_SWIFT_STANDARD_LIBRARIES = YES;
				CODE_SIGN_STYLE = Automatic;
				CURRENT_PROJECT_VERSION = 1;
				DEVELOPMENT_TEAM = NY895LXZ8G;
				GENERATE_INFOPLIST_FILE = YES;
				MARKETING_VERSION = 1.0;
				PRODUCT_BUNDLE_IDENTIFIER = "CreepOnSky.SD0-1UITests";
				PRODUCT_NAME = "$(TARGET_NAME)";
				SWIFT_EMIT_LOC_STRINGS = NO;
				SWIFT_VERSION = 5.0;
				TARGETED_DEVICE_FAMILY = "1,2";
				TEST_TARGET_NAME = SD0.1;
			};
			name = Release;
		};
/* End XCBuildConfiguration section */

/* Begin XCConfigurationList section */
		3D32CDF229C1E87500EF6E0F /* Build configuration list for PBXProject "SD0.1" */ = {
			isa = XCConfigurationList;
			buildConfigurations = (
				3D32CE1929C1E87600EF6E0F /* Debug */,
				3D32CE1A29C1E87600EF6E0F /* Release */,
			);
			defaultConfigurationIsVisible = 0;
			defaultConfigurationName = Release;
		};
		3D32CE1B29C1E87600EF6E0F /* Build configuration list for PBXNativeTarget "SD0.1" */ = {
			isa = XCConfigurationList;
			buildConfigurations = (
				3D32CE1C29C1E87600EF6E0F /* Debug */,
				3D32CE1D29C1E87600EF6E0F /* Release */,
			);
			defaultConfigurationIsVisible = 0;
			defaultConfigurationName = Release;
		};
		3D32CE1E29C1E87600EF6E0F /* Build configuration list for PBXNativeTarget "SD0.1Tests" */ = {
			isa = XCConfigurationList;
			buildConfigurations = (
				3D32CE1F29C1E87600EF6E0F /* Debug */,
				3D32CE2029C1E87600EF6E0F /* Release */,
			);
			defaultConfigurationIsVisible = 0;
			defaultConfigurationName = Release;
		};
		3D32CE2129C1E87600EF6E0F /* Build configuration list for PBXNativeTarget "SD0.1UITests" */ = {
			isa = XCConfigurationList;
			buildConfigurations = (
				3D32CE2229C1E87600EF6E0F /* Debug */,
				3D32CE2329C1E87600EF6E0F /* Release */,
			);
			defaultConfigurationIsVisible = 0;
			defaultConfigurationName = Release;
		};
/* End XCConfigurationList section */

/* Begin XCRemoteSwiftPackageReference section */
		3D32CE3C29C4C68800EF6E0F /* XCRemoteSwiftPackageReference "SwiftyJSON" */ = {
			isa = XCRemoteSwiftPackageReference;
			repositoryURL = "https://github.com/SwiftyJSON/SwiftyJSON";
			requirement = {
				kind = upToNextMajorVersion;
				minimumVersion = 5.0.0;
			};
		};
		3D32CE3F29C4D2E700EF6E0F /* XCRemoteSwiftPackageReference "AnyCodable" */ = {
			isa = XCRemoteSwiftPackageReference;
			repositoryURL = "https://github.com/Flight-School/AnyCodable";
			requirement = {
				kind = upToNextMajorVersion;
				minimumVersion = 0.6.7;
			};
		};
		3DEBE0CD29C75737004CF958 /* XCRemoteSwiftPackageReference "SwiftUIX" */ = {
			isa = XCRemoteSwiftPackageReference;
			repositoryURL = "https://github.com/SwiftUIX/SwiftUIX";
			requirement = {
				kind = upToNextMajorVersion;
				minimumVersion = 0.1.4;
			};
		};
/* End XCRemoteSwiftPackageReference section */

/* Begin XCSwiftPackageProductDependency section */
		3D32CE3D29C4C68800EF6E0F /* SwiftyJSON */ = {
			isa = XCSwiftPackageProductDependency;
			package = 3D32CE3C29C4C68800EF6E0F /* XCRemoteSwiftPackageReference "SwiftyJSON" */;
			productName = SwiftyJSON;
		};
		3D32CE4029C4D2E700EF6E0F /* AnyCodable */ = {
			isa = XCSwiftPackageProductDependency;
			package = 3D32CE3F29C4D2E700EF6E0F /* XCRemoteSwiftPackageReference "AnyCodable" */;
			productName = AnyCodable;
		};
		3DEBE0CE29C75737004CF958 /* SwiftUIX */ = {
			isa = XCSwiftPackageProductDependency;
			package = 3DEBE0CD29C75737004CF958 /* XCRemoteSwiftPackageReference "SwiftUIX" */;
			productName = SwiftUIX;
		};
/* End XCSwiftPackageProductDependency section */

/* Begin XCVersionGroup section */
		3D32CE4C29C6FCB600EF6E0F /* contentViewData.xcdatamodeld */ = {
			isa = XCVersionGroup;
			children = (
				3D32CE4D29C6FCB600EF6E0F /* contentViewData.xcdatamodel */,
			);
			currentVersion = 3D32CE4D29C6FCB600EF6E0F /* contentViewData.xcdatamodel */;
			name = contentViewData.xcdatamodeld;
			path = "../../../../Library/Developer/Xcode/DerivedData/SD0.1-eyqxwucyyydfukbxqeuuktwhqfrv/SourcePackages/checkouts/AnyCodable/contentViewData.xcdatamodeld";
			sourceTree = "<group>";
			versionGroupType = wrapper.xcdatamodel;
		};
/* End XCVersionGroup section */
	};
	rootObject = 3D32CDEF29C1E87500EF6E0F /* Project object */;
}
